
Microsoft Visual Studio Solution File, Format Version 12.00
# Visual Studio Version 16
VisualStudioVersion = 16.0.28729.10
MinimumVisualStudioVersion = 10.0.40219.1
Project("{9A19103F-16F7-4668-BE54-9A1E7A4F7556}") = "TTController.Service", "Source\TTController.Service\TTController.Service.csproj", "{742F8CC7-E38A-4263-AECF-E7230AC909AB}"
EndProject
Project("{9A19103F-16F7-4668-BE54-9A1E7A4F7556}") = "OpenHardwareMonitorLib", "ThirdParty\LibreHardwareMonitor\OpenHardwareMonitorLib.csproj", "{BBC31437-DED6-4F85-B634-C4F03AD3D8B2}"
EndProject
Project("{9A19103F-16F7-4668-BE54-9A1E7A4F7556}") = "TTController.Common", "Source\TTController.Common\TTController.Common.csproj", "{C1E69FF7-20F6-425C-B8BA-9A1116A35E52}"
EndProject
Project("{FAE04EC0-301F-11D3-BF4B-00C04F79EFBC}") = "HidLibrary", "ThirdParty\HidLibrary\src\HidLibrary\HidLibrary.csproj", "{9E8F1D50-74EA-4C60-BD5C-AB2C5B53BC66}"
EndProject
Project("{2150E333-8FDC-42A3-9474-1A3956D46DE8}") = "Plugins", "Plugins", "{A3A67BA6-9598-40EC-A5B5-9526A0592772}"
EndProject
Project("{2150E333-8FDC-42A3-9474-1A3956D46DE8}") = "Effects", "Effects", "{521264D1-73FB-44B3-8243-CB3C95AFB179}"
EndProject
Project("{2150E333-8FDC-42A3-9474-1A3956D46DE8}") = "SpeedControllers", "SpeedControllers", "{1C64E62C-0758-423A-B436-275C2DCAC3F6}"
EndProject
Project("{2150E333-8FDC-42A3-9474-1A3956D46DE8}") = "ThirdParty", "ThirdParty", "{87837F9D-CC3C-4C37-B7C6-F74B33BE7D69}"
EndProject
Project("{9A19103F-16F7-4668-BE54-9A1E7A4F7556}") = "TTController.Plugin.StaticSpeedController", "Plugins\SpeedControllers\TTController.Plugin.StaticSpeedController\TTController.Plugin.StaticSpeedController.csproj", "{AF042821-0045-469E-91A2-E558649E140F}"
EndProject
Project("{9A19103F-16F7-4668-BE54-9A1E7A4F7556}") = "TTController.Plugin.PwmSpeedController", "Plugins\SpeedControllers\TTController.Plugin.PwmSpeedController\TTController.Plugin.PwmSpeedController.csproj", "{AA931D28-C5F0-46B6-A049-6DBC5DA8EB66}"
EndProject
Project("{9A19103F-16F7-4668-BE54-9A1E7A4F7556}") = "TTController.Plugin.SnakeEffect", "Plugins\Effects\TTController.Plugin.SnakeEffect\TTController.Plugin.SnakeEffect.csproj", "{823639D2-4EC8-4541-BA26-AD93576FF79B}"
EndProject
Project("{9A19103F-16F7-4668-BE54-9A1E7A4F7556}") = "TTController.Plugin.TemperatureEffect", "Plugins\Effects\TTController.Plugin.TemperatureEffect\TTController.Plugin.TemperatureEffect.csproj", "{1C0448C2-4357-4734-87B3-BF4808F879B8}"
EndProject
Project("{9A19103F-16F7-4668-BE54-9A1E7A4F7556}") = "TTController.Plugin.SoundEffect", "Plugins\Effects\TTController.Plugin.SoundEffect\TTController.Plugin.SoundEffect.csproj", "{44D6DB37-3870-46C8-8835-AE2B19344D16}"
EndProject
Project("{2150E333-8FDC-42A3-9474-1A3956D46DE8}") = "Triggers", "Triggers", "{B69E5A42-8845-4081-92DD-95D2D10D7B3E}"
EndProject
Project("{9A19103F-16F7-4668-BE54-9A1E7A4F7556}") = "TTController.Plugin.ProcessTrigger", "Plugins\Triggers\TTController.Plugin.ProcessTrigger\TTController.Plugin.ProcessTrigger.csproj", "{C617233C-518D-4647-838D-F7B8981DDCE3}"
EndProject
Project("{9A19103F-16F7-4668-BE54-9A1E7A4F7556}") = "TTController.Plugin.AlwaysTrigger", "Plugins\Triggers\TTController.Plugin.AlwaysTrigger\TTController.Plugin.AlwaysTrigger.csproj", "{18DE060B-89D0-4C57-9265-A232BC876C1E}"
EndProject
Project("{9A19103F-16F7-4668-BE54-9A1E7A4F7556}") = "TTController.Plugin.LogicTrigger", "Plugins\Triggers\TTController.Plugin.LogicTrigger\TTController.Plugin.LogicTrigger.csproj", "{727AA206-8FAA-42A0-8E1A-63464A2E24A9}"
EndProject
Project("{9A19103F-16F7-4668-BE54-9A1E7A4F7556}") = "TTController.Plugin.OneTimeTrigger", "Plugins\Triggers\TTController.Plugin.OneTimeTrigger\TTController.Plugin.OneTimeTrigger.csproj", "{FAEC09CC-E2A6-4DC8-93C8-D1DD9CFADB2C}"
EndProject
Project("{9A19103F-16F7-4668-BE54-9A1E7A4F7556}") = "TTController.Plugin.PulseTrigger", "Plugins\Triggers\TTController.Plugin.PulseTrigger\TTController.Plugin.PulseTrigger.csproj", "{CB3C2841-00F6-47E2-B8EF-2E70729CBD78}"
EndProject
Project("{2150E333-8FDC-42A3-9474-1A3956D46DE8}") = "Source", "Source", "{5046DC2B-BC51-4119-83FD-CF4BBE7F8C2E}"
EndProject
Project("{9A19103F-16F7-4668-BE54-9A1E7A4F7556}") = "TTController.Plugin.WaveEffect", "Plugins\Effects\TTController.Plugin.WaveEffect\TTController.Plugin.WaveEffect.csproj", "{ACCAAA07-233C-48BC-B55C-BA31620AE371}"
EndProject
Project("{9A19103F-16F7-4668-BE54-9A1E7A4F7556}") = "TTController.Plugin.FullColorEffect", "Plugins\Effects\TTController.Plugin.FullColorEffect\TTController.Plugin.FullColorEffect.csproj", "{D485F979-4D51-47DA-A52B-0CA51716D16F}"
EndProject
Project("{9A19103F-16F7-4668-BE54-9A1E7A4F7556}") = "TTController.Plugin.ByLedColorEffect", "Plugins\Effects\TTController.Plugin.ByLedColorEffect\TTController.Plugin.ByLedColorEffect.csproj", "{17B4553B-99EF-49E8-8270-3153B9B12E57}"
EndProject
Project("{9A19103F-16F7-4668-BE54-9A1E7A4F7556}") = "TTController.Plugin.PulseEffect", "Plugins\Effects\TTController.Plugin.PulseEffect\TTController.Plugin.PulseEffect.csproj", "{46BDD270-577F-43EF-94FA-B738A0020E37}"
EndProject
Project("{9A19103F-16F7-4668-BE54-9A1E7A4F7556}") = "TTController.Plugin.RawEffect", "Plugins\Effects\TTController.Plugin.RawEffect\TTController.Plugin.RawEffect.csproj", "{0A09C256-D963-4C6E-A5A7-600479BD80A1}"
EndProject
Project("{9A19103F-16F7-4668-BE54-9A1E7A4F7556}") = "TTController.Plugin.BlinkEffect", "Plugins\Effects\TTController.Plugin.BlinkEffect\TTController.Plugin.BlinkEffect.csproj", "{CEF4BBE4-A710-4160-B673-B0FCD3B1CCAE}"
EndProject
Project("{9A19103F-16F7-4668-BE54-9A1E7A4F7556}") = "TTController.Plugin.RippleEffect", "Plugins\Effects\TTController.Plugin.RippleEffect\TTController.Plugin.RippleEffect.csproj", "{1366E1E4-6763-4AFB-A43F-FE6213A879D5}"
EndProject
Project("{9A19103F-16F7-4668-BE54-9A1E7A4F7556}") = "TTController.Plugin.SpectrumEffect", "Plugins\Effects\TTController.Plugin.SpectrumEffect\TTController.Plugin.SpectrumEffect.csproj", "{70EBFDDF-8791-441F-BFC3-AB6E94F9ABDD}"
EndProject
Project("{9A19103F-16F7-4668-BE54-9A1E7A4F7556}") = "TTController.Plugin.FlowEffect", "Plugins\Effects\TTController.Plugin.FlowEffect\TTController.Plugin.FlowEffect.csproj", "{FD3E1660-41D2-450A-BC75-751AF1056A3A}"
EndProject
Project("{9A19103F-16F7-4668-BE54-9A1E7A4F7556}") = "TTController.Plugin.TemperatureTrigger", "Plugins\Triggers\TTController.Plugin.TemperatureTrigger\TTController.Plugin.TemperatureTrigger.csproj", "{AFA76B8C-9411-4796-99E8-58BEE749298E}"
EndProject
Project("{9A19103F-16F7-4668-BE54-9A1E7A4F7556}") = "TTController.Plugin.CopySpeedController", "Plugins\SpeedControllers\TTController.Plugin.CopySpeedController\TTController.Plugin.CopySpeedController.csproj", "{E07EBB0D-B2BB-4F00-BD67-233B330987A1}"
EndProject
Project("{9A19103F-16F7-4668-BE54-9A1E7A4F7556}") = "Build", "Build\Build.csproj", "{284FB758-3E94-40CC-BE97-E6DEDB8AF1AD}"
EndProject
Project("{2150E333-8FDC-42A3-9474-1A3956D46DE8}") = "Devices", "Devices", "{72415EA8-F57C-4F2C-9B6C-167BF94FE3F8}"
EndProject
Project("{FAE04EC0-301F-11D3-BF4B-00C04F79EFBC}") = "TTController.Plugin.DpsgController", "Plugins\Devices\TTController.Plugin.DpsgController\TTController.Plugin.DpsgController.csproj", "{D9553FBE-692D-4505-BD66-71DE9CA2B960}"
EndProject
Project("{FAE04EC0-301F-11D3-BF4B-00C04F79EFBC}") = "TTController.Plugin.RiingController", "Plugins\Devices\TTController.Plugin.RiingController\TTController.Plugin.RiingController.csproj", "{9ABDFE2B-CFA6-45D4-8817-FA82F4465900}"
EndProject
Project("{FAE04EC0-301F-11D3-BF4B-00C04F79EFBC}") = "TTController.Plugin.RiingPlusController", "Plugins\Devices\TTController.Plugin.RiingPlusController\TTController.Plugin.RiingPlusController.csproj", "{32B9B719-9813-4455-84EA-727560087B09}"
EndProject
Project("{FAE04EC0-301F-11D3-BF4B-00C04F79EFBC}") = "TTController.Plugin.RiingTrioController", "Plugins\Devices\TTController.Plugin.RiingTrioController\TTController.Plugin.RiingTrioController.csproj", "{E64CE11A-6107-45AB-97E9-23B2AB546F1F}"
EndProject
Global
	GlobalSection(SolutionConfigurationPlatforms) = preSolution
		Debug|Any CPU = Debug|Any CPU
		Release|Any CPU = Release|Any CPU
	EndGlobalSection
	GlobalSection(ProjectConfigurationPlatforms) = postSolution
		{742F8CC7-E38A-4263-AECF-E7230AC909AB}.Debug|Any CPU.ActiveCfg = Debug|Any CPU
		{742F8CC7-E38A-4263-AECF-E7230AC909AB}.Debug|Any CPU.Build.0 = Debug|Any CPU
		{742F8CC7-E38A-4263-AECF-E7230AC909AB}.Release|Any CPU.ActiveCfg = Release|Any CPU
		{742F8CC7-E38A-4263-AECF-E7230AC909AB}.Release|Any CPU.Build.0 = Release|Any CPU
		{BBC31437-DED6-4F85-B634-C4F03AD3D8B2}.Debug|Any CPU.ActiveCfg = Debug|Any CPU
		{BBC31437-DED6-4F85-B634-C4F03AD3D8B2}.Debug|Any CPU.Build.0 = Debug|Any CPU
		{BBC31437-DED6-4F85-B634-C4F03AD3D8B2}.Release|Any CPU.ActiveCfg = Release|Any CPU
		{BBC31437-DED6-4F85-B634-C4F03AD3D8B2}.Release|Any CPU.Build.0 = Release|Any CPU
		{C1E69FF7-20F6-425C-B8BA-9A1116A35E52}.Debug|Any CPU.ActiveCfg = Debug|Any CPU
		{C1E69FF7-20F6-425C-B8BA-9A1116A35E52}.Debug|Any CPU.Build.0 = Debug|Any CPU
		{C1E69FF7-20F6-425C-B8BA-9A1116A35E52}.Release|Any CPU.ActiveCfg = Release|Any CPU
		{C1E69FF7-20F6-425C-B8BA-9A1116A35E52}.Release|Any CPU.Build.0 = Release|Any CPU
		{9E8F1D50-74EA-4C60-BD5C-AB2C5B53BC66}.Debug|Any CPU.ActiveCfg = Debug|Any CPU
		{9E8F1D50-74EA-4C60-BD5C-AB2C5B53BC66}.Debug|Any CPU.Build.0 = Debug|Any CPU
		{9E8F1D50-74EA-4C60-BD5C-AB2C5B53BC66}.Release|Any CPU.ActiveCfg = Release|Any CPU
		{9E8F1D50-74EA-4C60-BD5C-AB2C5B53BC66}.Release|Any CPU.Build.0 = Release|Any CPU
		{AF042821-0045-469E-91A2-E558649E140F}.Debug|Any CPU.ActiveCfg = Debug|Any CPU
		{AF042821-0045-469E-91A2-E558649E140F}.Debug|Any CPU.Build.0 = Debug|Any CPU
		{AF042821-0045-469E-91A2-E558649E140F}.Release|Any CPU.ActiveCfg = Release|Any CPU
		{AF042821-0045-469E-91A2-E558649E140F}.Release|Any CPU.Build.0 = Release|Any CPU
		{AA931D28-C5F0-46B6-A049-6DBC5DA8EB66}.Debug|Any CPU.ActiveCfg = Debug|Any CPU
		{AA931D28-C5F0-46B6-A049-6DBC5DA8EB66}.Debug|Any CPU.Build.0 = Debug|Any CPU
		{AA931D28-C5F0-46B6-A049-6DBC5DA8EB66}.Release|Any CPU.ActiveCfg = Release|Any CPU
		{AA931D28-C5F0-46B6-A049-6DBC5DA8EB66}.Release|Any CPU.Build.0 = Release|Any CPU
		{823639D2-4EC8-4541-BA26-AD93576FF79B}.Debug|Any CPU.ActiveCfg = Debug|Any CPU
		{823639D2-4EC8-4541-BA26-AD93576FF79B}.Debug|Any CPU.Build.0 = Debug|Any CPU
		{823639D2-4EC8-4541-BA26-AD93576FF79B}.Release|Any CPU.ActiveCfg = Release|Any CPU
		{823639D2-4EC8-4541-BA26-AD93576FF79B}.Release|Any CPU.Build.0 = Release|Any CPU
		{1C0448C2-4357-4734-87B3-BF4808F879B8}.Debug|Any CPU.ActiveCfg = Debug|Any CPU
		{1C0448C2-4357-4734-87B3-BF4808F879B8}.Debug|Any CPU.Build.0 = Debug|Any CPU
		{1C0448C2-4357-4734-87B3-BF4808F879B8}.Release|Any CPU.ActiveCfg = Release|Any CPU
		{1C0448C2-4357-4734-87B3-BF4808F879B8}.Release|Any CPU.Build.0 = Release|Any CPU
		{44D6DB37-3870-46C8-8835-AE2B19344D16}.Debug|Any CPU.ActiveCfg = Debug|Any CPU
		{44D6DB37-3870-46C8-8835-AE2B19344D16}.Debug|Any CPU.Build.0 = Debug|Any CPU
		{44D6DB37-3870-46C8-8835-AE2B19344D16}.Release|Any CPU.ActiveCfg = Release|Any CPU
		{44D6DB37-3870-46C8-8835-AE2B19344D16}.Release|Any CPU.Build.0 = Release|Any CPU
		{C617233C-518D-4647-838D-F7B8981DDCE3}.Debug|Any CPU.ActiveCfg = Debug|Any CPU
		{C617233C-518D-4647-838D-F7B8981DDCE3}.Debug|Any CPU.Build.0 = Debug|Any CPU
		{C617233C-518D-4647-838D-F7B8981DDCE3}.Release|Any CPU.ActiveCfg = Release|Any CPU
		{C617233C-518D-4647-838D-F7B8981DDCE3}.Release|Any CPU.Build.0 = Release|Any CPU
		{18DE060B-89D0-4C57-9265-A232BC876C1E}.Debug|Any CPU.ActiveCfg = Debug|Any CPU
		{18DE060B-89D0-4C57-9265-A232BC876C1E}.Debug|Any CPU.Build.0 = Debug|Any CPU
		{18DE060B-89D0-4C57-9265-A232BC876C1E}.Release|Any CPU.ActiveCfg = Release|Any CPU
		{18DE060B-89D0-4C57-9265-A232BC876C1E}.Release|Any CPU.Build.0 = Release|Any CPU
		{727AA206-8FAA-42A0-8E1A-63464A2E24A9}.Debug|Any CPU.ActiveCfg = Debug|Any CPU
		{727AA206-8FAA-42A0-8E1A-63464A2E24A9}.Debug|Any CPU.Build.0 = Debug|Any CPU
		{727AA206-8FAA-42A0-8E1A-63464A2E24A9}.Release|Any CPU.ActiveCfg = Release|Any CPU
		{727AA206-8FAA-42A0-8E1A-63464A2E24A9}.Release|Any CPU.Build.0 = Release|Any CPU
		{FAEC09CC-E2A6-4DC8-93C8-D1DD9CFADB2C}.Debug|Any CPU.ActiveCfg = Debug|Any CPU
		{FAEC09CC-E2A6-4DC8-93C8-D1DD9CFADB2C}.Debug|Any CPU.Build.0 = Debug|Any CPU
		{FAEC09CC-E2A6-4DC8-93C8-D1DD9CFADB2C}.Release|Any CPU.ActiveCfg = Release|Any CPU
		{FAEC09CC-E2A6-4DC8-93C8-D1DD9CFADB2C}.Release|Any CPU.Build.0 = Release|Any CPU
		{CB3C2841-00F6-47E2-B8EF-2E70729CBD78}.Debug|Any CPU.ActiveCfg = Debug|Any CPU
		{CB3C2841-00F6-47E2-B8EF-2E70729CBD78}.Debug|Any CPU.Build.0 = Debug|Any CPU
		{CB3C2841-00F6-47E2-B8EF-2E70729CBD78}.Release|Any CPU.ActiveCfg = Release|Any CPU
		{CB3C2841-00F6-47E2-B8EF-2E70729CBD78}.Release|Any CPU.Build.0 = Release|Any CPU
		{ACCAAA07-233C-48BC-B55C-BA31620AE371}.Debug|Any CPU.ActiveCfg = Debug|Any CPU
		{ACCAAA07-233C-48BC-B55C-BA31620AE371}.Debug|Any CPU.Build.0 = Debug|Any CPU
		{ACCAAA07-233C-48BC-B55C-BA31620AE371}.Release|Any CPU.ActiveCfg = Release|Any CPU
		{ACCAAA07-233C-48BC-B55C-BA31620AE371}.Release|Any CPU.Build.0 = Release|Any CPU
		{D485F979-4D51-47DA-A52B-0CA51716D16F}.Debug|Any CPU.ActiveCfg = Debug|Any CPU
		{D485F979-4D51-47DA-A52B-0CA51716D16F}.Debug|Any CPU.Build.0 = Debug|Any CPU
		{D485F979-4D51-47DA-A52B-0CA51716D16F}.Release|Any CPU.ActiveCfg = Release|Any CPU
		{D485F979-4D51-47DA-A52B-0CA51716D16F}.Release|Any CPU.Build.0 = Release|Any CPU
		{17B4553B-99EF-49E8-8270-3153B9B12E57}.Debug|Any CPU.ActiveCfg = Debug|Any CPU
		{17B4553B-99EF-49E8-8270-3153B9B12E57}.Debug|Any CPU.Build.0 = Debug|Any CPU
		{17B4553B-99EF-49E8-8270-3153B9B12E57}.Release|Any CPU.ActiveCfg = Release|Any CPU
		{17B4553B-99EF-49E8-8270-3153B9B12E57}.Release|Any CPU.Build.0 = Release|Any CPU
		{46BDD270-577F-43EF-94FA-B738A0020E37}.Debug|Any CPU.ActiveCfg = Debug|Any CPU
		{46BDD270-577F-43EF-94FA-B738A0020E37}.Debug|Any CPU.Build.0 = Debug|Any CPU
		{46BDD270-577F-43EF-94FA-B738A0020E37}.Release|Any CPU.ActiveCfg = Release|Any CPU
		{46BDD270-577F-43EF-94FA-B738A0020E37}.Release|Any CPU.Build.0 = Release|Any CPU
		{0A09C256-D963-4C6E-A5A7-600479BD80A1}.Debug|Any CPU.ActiveCfg = Debug|Any CPU
		{0A09C256-D963-4C6E-A5A7-600479BD80A1}.Debug|Any CPU.Build.0 = Debug|Any CPU
		{0A09C256-D963-4C6E-A5A7-600479BD80A1}.Release|Any CPU.ActiveCfg = Release|Any CPU
		{0A09C256-D963-4C6E-A5A7-600479BD80A1}.Release|Any CPU.Build.0 = Release|Any CPU
		{CEF4BBE4-A710-4160-B673-B0FCD3B1CCAE}.Debug|Any CPU.ActiveCfg = Debug|Any CPU
		{CEF4BBE4-A710-4160-B673-B0FCD3B1CCAE}.Debug|Any CPU.Build.0 = Debug|Any CPU
		{CEF4BBE4-A710-4160-B673-B0FCD3B1CCAE}.Release|Any CPU.ActiveCfg = Release|Any CPU
		{CEF4BBE4-A710-4160-B673-B0FCD3B1CCAE}.Release|Any CPU.Build.0 = Release|Any CPU
		{1366E1E4-6763-4AFB-A43F-FE6213A879D5}.Debug|Any CPU.ActiveCfg = Debug|Any CPU
		{1366E1E4-6763-4AFB-A43F-FE6213A879D5}.Debug|Any CPU.Build.0 = Debug|Any CPU
		{1366E1E4-6763-4AFB-A43F-FE6213A879D5}.Release|Any CPU.ActiveCfg = Release|Any CPU
		{1366E1E4-6763-4AFB-A43F-FE6213A879D5}.Release|Any CPU.Build.0 = Release|Any CPU
		{70EBFDDF-8791-441F-BFC3-AB6E94F9ABDD}.Debug|Any CPU.ActiveCfg = Debug|Any CPU
		{70EBFDDF-8791-441F-BFC3-AB6E94F9ABDD}.Debug|Any CPU.Build.0 = Debug|Any CPU
		{70EBFDDF-8791-441F-BFC3-AB6E94F9ABDD}.Release|Any CPU.ActiveCfg = Release|Any CPU
		{70EBFDDF-8791-441F-BFC3-AB6E94F9ABDD}.Release|Any CPU.Build.0 = Release|Any CPU
		{FD3E1660-41D2-450A-BC75-751AF1056A3A}.Debug|Any CPU.ActiveCfg = Debug|Any CPU
		{FD3E1660-41D2-450A-BC75-751AF1056A3A}.Debug|Any CPU.Build.0 = Debug|Any CPU
		{FD3E1660-41D2-450A-BC75-751AF1056A3A}.Release|Any CPU.ActiveCfg = Release|Any CPU
		{FD3E1660-41D2-450A-BC75-751AF1056A3A}.Release|Any CPU.Build.0 = Release|Any CPU
		{AFA76B8C-9411-4796-99E8-58BEE749298E}.Debug|Any CPU.ActiveCfg = Debug|Any CPU
		{AFA76B8C-9411-4796-99E8-58BEE749298E}.Debug|Any CPU.Build.0 = Debug|Any CPU
		{AFA76B8C-9411-4796-99E8-58BEE749298E}.Release|Any CPU.ActiveCfg = Release|Any CPU
		{AFA76B8C-9411-4796-99E8-58BEE749298E}.Release|Any CPU.Build.0 = Release|Any CPU
		{E07EBB0D-B2BB-4F00-BD67-233B330987A1}.Debug|Any CPU.ActiveCfg = Debug|Any CPU
		{E07EBB0D-B2BB-4F00-BD67-233B330987A1}.Debug|Any CPU.Build.0 = Debug|Any CPU
		{E07EBB0D-B2BB-4F00-BD67-233B330987A1}.Release|Any CPU.ActiveCfg = Release|Any CPU
		{E07EBB0D-B2BB-4F00-BD67-233B330987A1}.Release|Any CPU.Build.0 = Release|Any CPU
		{284FB758-3E94-40CC-BE97-E6DEDB8AF1AD}.Debug|Any CPU.ActiveCfg = Debug|Any CPU
		{284FB758-3E94-40CC-BE97-E6DEDB8AF1AD}.Release|Any CPU.ActiveCfg = Release|Any CPU
		{D9553FBE-692D-4505-BD66-71DE9CA2B960}.Debug|Any CPU.ActiveCfg = Debug|Any CPU
		{D9553FBE-692D-4505-BD66-71DE9CA2B960}.Debug|Any CPU.Build.0 = Debug|Any CPU
		{D9553FBE-692D-4505-BD66-71DE9CA2B960}.Release|Any CPU.ActiveCfg = Release|Any CPU
		{D9553FBE-692D-4505-BD66-71DE9CA2B960}.Release|Any CPU.Build.0 = Release|Any CPU
		{9ABDFE2B-CFA6-45D4-8817-FA82F4465900}.Debug|Any CPU.ActiveCfg = Debug|Any CPU
		{9ABDFE2B-CFA6-45D4-8817-FA82F4465900}.Debug|Any CPU.Build.0 = Debug|Any CPU
		{9ABDFE2B-CFA6-45D4-8817-FA82F4465900}.Release|Any CPU.ActiveCfg = Release|Any CPU
		{9ABDFE2B-CFA6-45D4-8817-FA82F4465900}.Release|Any CPU.Build.0 = Release|Any CPU
		{32B9B719-9813-4455-84EA-727560087B09}.Debug|Any CPU.ActiveCfg = Debug|Any CPU
		{32B9B719-9813-4455-84EA-727560087B09}.Debug|Any CPU.Build.0 = Debug|Any CPU
		{32B9B719-9813-4455-84EA-727560087B09}.Release|Any CPU.ActiveCfg = Release|Any CPU
		{32B9B719-9813-4455-84EA-727560087B09}.Release|Any CPU.Build.0 = Release|Any CPU
		{E64CE11A-6107-45AB-97E9-23B2AB546F1F}.Debug|Any CPU.ActiveCfg = Debug|Any CPU
		{E64CE11A-6107-45AB-97E9-23B2AB546F1F}.Debug|Any CPU.Build.0 = Debug|Any CPU
		{E64CE11A-6107-45AB-97E9-23B2AB546F1F}.Release|Any CPU.ActiveCfg = Release|Any CPU
		{E64CE11A-6107-45AB-97E9-23B2AB546F1F}.Release|Any CPU.Build.0 = Release|Any CPU
	EndGlobalSection
	GlobalSection(SolutionProperties) = preSolution
		HideSolutionNode = FALSE
	EndGlobalSection
	GlobalSection(NestedProjects) = preSolution
		{742F8CC7-E38A-4263-AECF-E7230AC909AB} = {5046DC2B-BC51-4119-83FD-CF4BBE7F8C2E}
		{BBC31437-DED6-4F85-B634-C4F03AD3D8B2} = {87837F9D-CC3C-4C37-B7C6-F74B33BE7D69}
		{C1E69FF7-20F6-425C-B8BA-9A1116A35E52} = {5046DC2B-BC51-4119-83FD-CF4BBE7F8C2E}
		{9E8F1D50-74EA-4C60-BD5C-AB2C5B53BC66} = {87837F9D-CC3C-4C37-B7C6-F74B33BE7D69}
		{521264D1-73FB-44B3-8243-CB3C95AFB179} = {A3A67BA6-9598-40EC-A5B5-9526A0592772}
		{1C64E62C-0758-423A-B436-275C2DCAC3F6} = {A3A67BA6-9598-40EC-A5B5-9526A0592772}
		{AF042821-0045-469E-91A2-E558649E140F} = {1C64E62C-0758-423A-B436-275C2DCAC3F6}
		{AA931D28-C5F0-46B6-A049-6DBC5DA8EB66} = {1C64E62C-0758-423A-B436-275C2DCAC3F6}
		{823639D2-4EC8-4541-BA26-AD93576FF79B} = {521264D1-73FB-44B3-8243-CB3C95AFB179}
		{1C0448C2-4357-4734-87B3-BF4808F879B8} = {521264D1-73FB-44B3-8243-CB3C95AFB179}
		{44D6DB37-3870-46C8-8835-AE2B19344D16} = {521264D1-73FB-44B3-8243-CB3C95AFB179}
		{B69E5A42-8845-4081-92DD-95D2D10D7B3E} = {A3A67BA6-9598-40EC-A5B5-9526A0592772}
		{C617233C-518D-4647-838D-F7B8981DDCE3} = {B69E5A42-8845-4081-92DD-95D2D10D7B3E}
		{18DE060B-89D0-4C57-9265-A232BC876C1E} = {B69E5A42-8845-4081-92DD-95D2D10D7B3E}
		{727AA206-8FAA-42A0-8E1A-63464A2E24A9} = {B69E5A42-8845-4081-92DD-95D2D10D7B3E}
		{FAEC09CC-E2A6-4DC8-93C8-D1DD9CFADB2C} = {B69E5A42-8845-4081-92DD-95D2D10D7B3E}
		{CB3C2841-00F6-47E2-B8EF-2E70729CBD78} = {B69E5A42-8845-4081-92DD-95D2D10D7B3E}
		{ACCAAA07-233C-48BC-B55C-BA31620AE371} = {521264D1-73FB-44B3-8243-CB3C95AFB179}
		{D485F979-4D51-47DA-A52B-0CA51716D16F} = {521264D1-73FB-44B3-8243-CB3C95AFB179}
		{17B4553B-99EF-49E8-8270-3153B9B12E57} = {521264D1-73FB-44B3-8243-CB3C95AFB179}
		{46BDD270-577F-43EF-94FA-B738A0020E37} = {521264D1-73FB-44B3-8243-CB3C95AFB179}
		{0A09C256-D963-4C6E-A5A7-600479BD80A1} = {521264D1-73FB-44B3-8243-CB3C95AFB179}
		{CEF4BBE4-A710-4160-B673-B0FCD3B1CCAE} = {521264D1-73FB-44B3-8243-CB3C95AFB179}
		{1366E1E4-6763-4AFB-A43F-FE6213A879D5} = {521264D1-73FB-44B3-8243-CB3C95AFB179}
		{70EBFDDF-8791-441F-BFC3-AB6E94F9ABDD} = {521264D1-73FB-44B3-8243-CB3C95AFB179}
		{FD3E1660-41D2-450A-BC75-751AF1056A3A} = {521264D1-73FB-44B3-8243-CB3C95AFB179}
		{AFA76B8C-9411-4796-99E8-58BEE749298E} = {B69E5A42-8845-4081-92DD-95D2D10D7B3E}
		{E07EBB0D-B2BB-4F00-BD67-233B330987A1} = {1C64E62C-0758-423A-B436-275C2DCAC3F6}
		{72415EA8-F57C-4F2C-9B6C-167BF94FE3F8} = {A3A67BA6-9598-40EC-A5B5-9526A0592772}
		{D9553FBE-692D-4505-BD66-71DE9CA2B960} = {72415EA8-F57C-4F2C-9B6C-167BF94FE3F8}
		{9ABDFE2B-CFA6-45D4-8817-FA82F4465900} = {72415EA8-F57C-4F2C-9B6C-167BF94FE3F8}
		{32B9B719-9813-4455-84EA-727560087B09} = {72415EA8-F57C-4F2C-9B6C-167BF94FE3F8}
		{E64CE11A-6107-45AB-97E9-23B2AB546F1F} = {72415EA8-F57C-4F2C-9B6C-167BF94FE3F8}
	EndGlobalSection
	GlobalSection(ExtensibilityGlobals) = postSolution
		SolutionGuid = {9B8A6C39-77D8-476B-B89B-C39D2AF3D3B9}
	EndGlobalSection
EndGlobal
