
Microsoft Visual Studio Solution File, Format Version 12.00
# Visual Studio 15
VisualStudioVersion = 15.0.28010.2019
MinimumVisualStudioVersion = 10.0.40219.1
Project("{FAE04EC0-301F-11D3-BF4B-00C04F79EFBC}") = "TTController.Service", "TTController.Service\TTController.Service.csproj", "{742F8CC7-E38A-4263-AECF-E7230AC909AB}"
EndProject
Project("{9A19103F-16F7-4668-BE54-9A1E7A4F7556}") = "OpenHardwareMonitorLib", "LibreHardwareMonitor\OpenHardwareMonitorLib.csproj", "{BBC31437-DED6-4F85-B634-C4F03AD3D8B2}"
EndProject
Project("{FAE04EC0-301F-11D3-BF4B-00C04F79EFBC}") = "TTController.Common", "TTController.Common\TTController.Common.csproj", "{C1E69FF7-20F6-425C-B8BA-9A1116A35E52}"
EndProject
Project("{FAE04EC0-301F-11D3-BF4B-00C04F79EFBC}") = "HidLibrary", "HidLibrary\src\HidLibrary\HidLibrary.csproj", "{9E8F1D50-74EA-4C60-BD5C-AB2C5B53BC66}"
EndProject
Project("{FAE04EC0-301F-11D3-BF4B-00C04F79EFBC}") = "TTController.Effects", "TTController.Effects\TTController.Effects.csproj", "{741D3910-6A1D-496B-B2D7-CAEC5B8005BC}"
EndProject
Project("{FAE04EC0-301F-11D3-BF4B-00C04F79EFBC}") = "TTController.SpeedControllers", "TTController.SpeedControllers\TTController.SpeedControllers.csproj", "{E0D7D25B-F524-4F5F-88F1-4EF69743B773}"
EndProject
Global
	GlobalSection(SolutionConfigurationPlatforms) = preSolution
		Debug|Any CPU = Debug|Any CPU
		Release|Any CPU = Release|Any CPU
	EndGlobalSection
	GlobalSection(ProjectConfigurationPlatforms) = postSolution
		{742F8CC7-E38A-4263-AECF-E7230AC909AB}.Debug|Any CPU.ActiveCfg = Debug|Any CPU
		{742F8CC7-E38A-4263-AECF-E7230AC909AB}.Debug|Any CPU.Build.0 = Debug|Any CPU
		{742F8CC7-E38A-4263-AECF-E7230AC909AB}.Release|Any CPU.ActiveCfg = Release|Any CPU
		{742F8CC7-E38A-4263-AECF-E7230AC909AB}.Release|Any CPU.Build.0 = Release|Any CPU
		{BBC31437-DED6-4F85-B634-C4F03AD3D8B2}.Debug|Any CPU.ActiveCfg = Debug|Any CPU
		{BBC31437-DED6-4F85-B634-C4F03AD3D8B2}.Debug|Any CPU.Build.0 = Debug|Any CPU
		{BBC31437-DED6-4F85-B634-C4F03AD3D8B2}.Release|Any CPU.ActiveCfg = Release|Any CPU
		{BBC31437-DED6-4F85-B634-C4F03AD3D8B2}.Release|Any CPU.Build.0 = Release|Any CPU
		{C1E69FF7-20F6-425C-B8BA-9A1116A35E52}.Debug|Any CPU.ActiveCfg = Debug|Any CPU
		{C1E69FF7-20F6-425C-B8BA-9A1116A35E52}.Debug|Any CPU.Build.0 = Debug|Any CPU
		{C1E69FF7-20F6-425C-B8BA-9A1116A35E52}.Release|Any CPU.ActiveCfg = Release|Any CPU
		{C1E69FF7-20F6-425C-B8BA-9A1116A35E52}.Release|Any CPU.Build.0 = Release|Any CPU
		{9E8F1D50-74EA-4C60-BD5C-AB2C5B53BC66}.Debug|Any CPU.ActiveCfg = Debug|Any CPU
		{9E8F1D50-74EA-4C60-BD5C-AB2C5B53BC66}.Debug|Any CPU.Build.0 = Debug|Any CPU
		{9E8F1D50-74EA-4C60-BD5C-AB2C5B53BC66}.Release|Any CPU.ActiveCfg = Release|Any CPU
		{9E8F1D50-74EA-4C60-BD5C-AB2C5B53BC66}.Release|Any CPU.Build.0 = Release|Any CPU
		{741D3910-6A1D-496B-B2D7-CAEC5B8005BC}.Debug|Any CPU.ActiveCfg = Debug|Any CPU
		{741D3910-6A1D-496B-B2D7-CAEC5B8005BC}.Debug|Any CPU.Build.0 = Debug|Any CPU
		{741D3910-6A1D-496B-B2D7-CAEC5B8005BC}.Release|Any CPU.ActiveCfg = Release|Any CPU
		{741D3910-6A1D-496B-B2D7-CAEC5B8005BC}.Release|Any CPU.Build.0 = Release|Any CPU
		{E0D7D25B-F524-4F5F-88F1-4EF69743B773}.Debug|Any CPU.ActiveCfg = Debug|Any CPU
		{E0D7D25B-F524-4F5F-88F1-4EF69743B773}.Debug|Any CPU.Build.0 = Debug|Any CPU
		{E0D7D25B-F524-4F5F-88F1-4EF69743B773}.Release|Any CPU.ActiveCfg = Release|Any CPU
		{E0D7D25B-F524-4F5F-88F1-4EF69743B773}.Release|Any CPU.Build.0 = Release|Any CPU
	EndGlobalSection
	GlobalSection(SolutionProperties) = preSolution
		HideSolutionNode = FALSE
	EndGlobalSection
	GlobalSection(ExtensibilityGlobals) = postSolution
		SolutionGuid = {9B8A6C39-77D8-476B-B89B-C39D2AF3D3B9}
	EndGlobalSection
EndGlobal
